# This file is automatically @generated by Cargo.
# It is not intended for manual editing.
[[package]]
name = "cc"
version = "1.0.36"
source = "registry+https://github.com/rust-lang/crates.io-index"

[[package]]
name = "libc"
version = "0.2.54"
source = "registry+https://github.com/rust-lang/crates.io-index"

[[package]]
name = "num_cpus"
version = "1.10.0"
source = "registry+https://github.com/rust-lang/crates.io-index"
dependencies = [
 "libc 0.2.54 (registry+https://github.com/rust-lang/crates.io-index)",
]

[[package]]
name = "pkg-config"
version = "0.3.14"
source = "registry+https://github.com/rust-lang/crates.io-index"

[[package]]
name = "repro-sass-sys-build-failure"
version = "0.1.0"
dependencies = [
 "sass-rs 0.2.1 (git+https://github.com/mozamimy/sass-rs.git?branch=debug-cpu-num)",
]

[[package]]
name = "sass-rs"
version = "0.2.1"
source = "git+https://github.com/mozamimy/sass-rs.git?branch=debug-cpu-num#c6dd955119549e86c8ba27347a21dcd0aace3991"
dependencies = [
 "libc 0.2.54 (registry+https://github.com/rust-lang/crates.io-index)",
 "sass-sys 0.4.8 (git+https://github.com/mozamimy/sass-rs.git?branch=debug-cpu-num)",
]

[[package]]
name = "sass-sys"
version = "0.4.8"
source = "git+https://github.com/mozamimy/sass-rs.git?branch=debug-cpu-num#c6dd955119549e86c8ba27347a21dcd0aace3991"
dependencies = [
 "cc 1.0.36 (registry+https://github.com/rust-lang/crates.io-index)",
 "libc 0.2.54 (registry+https://github.com/rust-lang/crates.io-index)",
 "num_cpus 1.10.0 (registry+https://github.com/rust-lang/crates.io-index)",
 "pkg-config 0.3.14 (registry+https://github.com/rust-lang/crates.io-index)",
]

[metadata]
"checksum cc 1.0.36 (registry+https://github.com/rust-lang/crates.io-index)" = "a0c56216487bb80eec9c4516337b2588a4f2a2290d72a1416d930e4dcdb0c90d"
"checksum libc 0.2.54 (registry+https://github.com/rust-lang/crates.io-index)" = "c6785aa7dd976f5fbf3b71cfd9cd49d7f783c1ff565a858d71031c6c313aa5c6"
"checksum num_cpus 1.10.0 (registry+https://github.com/rust-lang/crates.io-index)" = "1a23f0ed30a54abaa0c7e83b1d2d87ada7c3c23078d1d87815af3e3b6385fbba"
"checksum pkg-config 0.3.14 (registry+https://github.com/rust-lang/crates.io-index)" = "676e8eb2b1b4c9043511a9b7bea0915320d7e502b0a079fb03f9635a5252b18c"
"checksum sass-rs 0.2.1 (git+https://github.com/mozamimy/sass-rs.git?branch=debug-cpu-num)" = "<none>"
"checksum sass-sys 0.4.8 (git+https://github.com/mozamimy/sass-rs.git?branch=debug-cpu-num)" = "<none>"
